
Microsoft Visual Studio Solution File, Format Version 12.00
# Visual Studio Version 17
VisualStudioVersion = 17.14.36717.8 d17.14
MinimumVisualStudioVersion = 10.0.40219.1
Project("{FAE04EC0-301F-11D3-BF4B-00C04F79EFBC}") = "MoneyManage", "MoneyManage\MoneyManage.csproj", "{275B0CAD-1192-4124-B3EF-DA248BBFC877}"
EndProject
Global
	GlobalSection(SolutionConfigurationPlatforms) = preSolution
		Debug|Any CPU = Debug|Any CPU
		Release|Any CPU = Release|Any CPU
	EndGlobalSection
	GlobalSection(ProjectConfigurationPlatforms) = postSolution
		{275B0CAD-1192-4124-B3EF-DA248BBFC877}.Debug|Any CPU.ActiveCfg = Debug|Any CPU
		{275B0CAD-1192-4124-B3EF-DA248BBFC877}.Debug|Any CPU.Build.0 = Debug|Any CPU
		{275B0CAD-1192-4124-B3EF-DA248BBFC877}.Release|Any CPU.ActiveCfg = Release|Any CPU
		{275B0CAD-1192-4124-B3EF-DA248BBFC877}.Release|Any CPU.Build.0 = Release|Any CPU
	EndGlobalSection
	GlobalSection(SolutionProperties) = preSolution
		HideSolutionNode = FALSE
	EndGlobalSection
	GlobalSection(ExtensibilityGlobals) = postSolution
		SolutionGuid = {2CABD8F9-8A0F-4584-8FF3-B4F2E59CE46A}
	EndGlobalSection
EndGlobal
